# This file is automatically @generated by Cargo.
# It is not intended for manual editing.
version = 3

[[package]]
name = "just"
version = "0.0.1"

[[package]]
name = "just_bdf"
version = "0.1.0"

[[package]]
name = "just_immui"
version = "0.1.0"
dependencies = [
 "just_shared_memory",
 "just_x11",
 "just_x11_simple",
]

[[package]]
name = "just_shared_memory"
version = "0.1.0"

[[package]]
name = "just_windows"
version = "0.1.0"
dependencies = [
 "just_x11",
 "just_x11_simple",
]

[[package]]
name = "just_x11"
version = "0.1.0"
dependencies = [
 "just_shared_memory",
]

[[package]]
name = "just_x11_simple"
version = "0.1.0"
dependencies = [
 "just_x11",
]

[[package]]
name = "just_xrandr"
version = "0.1.0"
dependencies = [
 "just_x11",
]
