# This file is automatically @generated by Cargo.
# It is not intended for manual editing.
version = 3

[[package]]
name = "justshow"
version = "0.0.1"

[[package]]
name = "justshow_x11"
version = "0.1.0"
dependencies = [
 "shared_memory",
]

[[package]]
name = "justshow_x11_simple"
version = "0.1.0"
dependencies = [
 "justshow_x11",
]

[[package]]
name = "justwindows"
version = "0.1.0"
dependencies = [
 "justshow_x11",
 "justshow_x11_simple",
]

[[package]]
name = "shared_memory"
version = "0.1.0"

[[package]]
name = "xrandr"
version = "0.1.0"
dependencies = [
 "justshow_x11",
]
